
Microsoft Visual Studio Solution File, Format Version 12.00
# Visual Studio Version 16
VisualStudioVersion = 16.0.30028.174
MinimumVisualStudioVersion = 10.0.40219.1
Project("{FAE04EC0-301F-11D3-BF4B-00C04F79EFBC}") = "MVCTestingSample", "MVCTestingSample\MVCTestingSample.csproj", "{434D68F4-6B5D-4B7A-A4C5-4F646197976B}"
EndProject
Project("{FAE04EC0-301F-11D3-BF4B-00C04F79EFBC}") = "MVCTestingSampleTests", "MVCTestingSampleTests\MVCTestingSampleTests.csproj", "{575AE397-C1EC-437E-959B-F868E2B0FFAF}"
EndProject
Global
	GlobalSection(SolutionConfigurationPlatforms) = preSolution
		Debug|Any CPU = Debug|Any CPU
		Release|Any CPU = Release|Any CPU
	EndGlobalSection
	GlobalSection(ProjectConfigurationPlatforms) = postSolution
		{434D68F4-6B5D-4B7A-A4C5-4F646197976B}.Debug|Any CPU.ActiveCfg = Debug|Any CPU
		{434D68F4-6B5D-4B7A-A4C5-4F646197976B}.Debug|Any CPU.Build.0 = Debug|Any CPU
		{434D68F4-6B5D-4B7A-A4C5-4F646197976B}.Release|Any CPU.ActiveCfg = Release|Any CPU
		{434D68F4-6B5D-4B7A-A4C5-4F646197976B}.Release|Any CPU.Build.0 = Release|Any CPU
		{575AE397-C1EC-437E-959B-F868E2B0FFAF}.Debug|Any CPU.ActiveCfg = Debug|Any CPU
		{575AE397-C1EC-437E-959B-F868E2B0FFAF}.Debug|Any CPU.Build.0 = Debug|Any CPU
		{575AE397-C1EC-437E-959B-F868E2B0FFAF}.Release|Any CPU.ActiveCfg = Release|Any CPU
		{575AE397-C1EC-437E-959B-F868E2B0FFAF}.Release|Any CPU.Build.0 = Release|Any CPU
	EndGlobalSection
	GlobalSection(SolutionProperties) = preSolution
		HideSolutionNode = FALSE
	EndGlobalSection
	GlobalSection(ExtensibilityGlobals) = postSolution
		SolutionGuid = {706CE2F2-6E73-4345-8E6C-0B387BDC56AC}
	EndGlobalSection
EndGlobal
